// !$*UTF8*$!
{
	archiveVersion = 1;
	classes = {
	};
	objectVersion = 55;
	objects = {

/* Begin PBXBuildFile section */
		0D1D7ABA290A485F00EE1179 /* GameScene+PauseButtonDelegate.swift in Sources */ = {isa = PBXBuildFile; fileRef = 0D1D7AB9290A485F00EE1179 /* GameScene+PauseButtonDelegate.swift */; };
		0D1D7ABD290ACBC100EE1179 /* LevelPage.swift in Sources */ = {isa = PBXBuildFile; fileRef = 0D1D7ABC290ACBC100EE1179 /* LevelPage.swift */; };
		0D1D7ABF290ACC6D00EE1179 /* LevelButton.swift in Sources */ = {isa = PBXBuildFile; fileRef = 0D1D7ABE290ACC6D00EE1179 /* LevelButton.swift */; };
		0D33EB06290F18C500474AFE /* UIDevice+Vibrate.swift in Sources */ = {isa = PBXBuildFile; fileRef = 0D33EB05290F18C500474AFE /* UIDevice+Vibrate.swift */; };
		0D6670E728FF1FB600DA1814 /* spelling_bubblesApp.swift in Sources */ = {isa = PBXBuildFile; fileRef = 0D6670E628FF1FB600DA1814 /* spelling_bubblesApp.swift */; };
		0D6670EB28FF1FB600DA1814 /* Assets.xcassets in Resources */ = {isa = PBXBuildFile; fileRef = 0D6670EA28FF1FB600DA1814 /* Assets.xcassets */; };
		0D6670EE28FF1FB600DA1814 /* Preview Assets.xcassets in Resources */ = {isa = PBXBuildFile; fileRef = 0D6670ED28FF1FB600DA1814 /* Preview Assets.xcassets */; };
		0D6670F028FF1FB600DA1814 /* Persistence.swift in Sources */ = {isa = PBXBuildFile; fileRef = 0D6670EF28FF1FB600DA1814 /* Persistence.swift */; };
		0D6670F328FF1FB600DA1814 /* spelling_bubbles.xcdatamodeld in Sources */ = {isa = PBXBuildFile; fileRef = 0D6670F128FF1FB600DA1814 /* spelling_bubbles.xcdatamodeld */; };
		0D6670FA28FF231000DA1814 /* ContentView.swift in Sources */ = {isa = PBXBuildFile; fileRef = 0D6670F928FF231000DA1814 /* ContentView.swift */; };
		0D6670FC28FF233300DA1814 /* GameScene.swift in Sources */ = {isa = PBXBuildFile; fileRef = 0D6670FB28FF233300DA1814 /* GameScene.swift */; };
		0D6670FF28FF236100DA1814 /* AvaiablePosition.swift in Sources */ = {isa = PBXBuildFile; fileRef = 0D6670FE28FF236100DA1814 /* AvaiablePosition.swift */; };
		0D66710128FF237600DA1814 /* Garbage.swift in Sources */ = {isa = PBXBuildFile; fileRef = 0D66710028FF237600DA1814 /* Garbage.swift */; };
		0D66710428FF239D00DA1814 /* MovementSide.swift in Sources */ = {isa = PBXBuildFile; fileRef = 0D66710328FF239D00DA1814 /* MovementSide.swift */; };
		0D66710728FF23DF00DA1814 /* Int+Adapted.swift in Sources */ = {isa = PBXBuildFile; fileRef = 0D66710628FF23DF00DA1814 /* Int+Adapted.swift */; };
		0D66710A28FF240C00DA1814 /* AnyNode.swift in Sources */ = {isa = PBXBuildFile; fileRef = 0D66710928FF240C00DA1814 /* AnyNode.swift */; };
		0D66710C28FF242700DA1814 /* Moveable.swift in Sources */ = {isa = PBXBuildFile; fileRef = 0D66710B28FF242700DA1814 /* Moveable.swift */; };
		0D66710E28FF244200DA1814 /* GarbageSubscriber.swift in Sources */ = {isa = PBXBuildFile; fileRef = 0D66710D28FF244200DA1814 /* GarbageSubscriber.swift */; };
		0D66711428FF248300DA1814 /* DiagonalMovement.swift in Sources */ = {isa = PBXBuildFile; fileRef = 0D66711328FF248300DA1814 /* DiagonalMovement.swift */; };
		0D66711628FF249700DA1814 /* VerticalMovement.swift in Sources */ = {isa = PBXBuildFile; fileRef = 0D66711528FF249700DA1814 /* VerticalMovement.swift */; };
		0D66711928FF24C000DA1814 /* GarbageStation.swift in Sources */ = {isa = PBXBuildFile; fileRef = 0D66711828FF24C000DA1814 /* GarbageStation.swift */; };
		0D66711C28FF27BD00DA1814 /* ImageConstants.swift in Sources */ = {isa = PBXBuildFile; fileRef = 0D66711B28FF27BD00DA1814 /* ImageConstants.swift */; };
		0D66711F28FF2E9E00DA1814 /* MainGameBackground.swift in Sources */ = {isa = PBXBuildFile; fileRef = 0D66711E28FF2E9E00DA1814 /* MainGameBackground.swift */; };
		0D686D2028FF5E4300774265 /* GameViewController.swift in Sources */ = {isa = PBXBuildFile; fileRef = 0D686D1F28FF5E4300774265 /* GameViewController.swift */; };
		0D686D2228FF65D200774265 /* ShakeHandler.swift in Sources */ = {isa = PBXBuildFile; fileRef = 0D686D2128FF65D200774265 /* ShakeHandler.swift */; };
		0D686D2428FF660100774265 /* GameScene+ShakeHandler.swift in Sources */ = {isa = PBXBuildFile; fileRef = 0D686D2328FF660100774265 /* GameScene+ShakeHandler.swift */; };
		0D686D2928FF7DBA00774265 /* TextBox.swift in Sources */ = {isa = PBXBuildFile; fileRef = 0D686D2828FF7DBA00774265 /* TextBox.swift */; };
		0D686D2B28FF806C00774265 /* ColorConstants.swift in Sources */ = {isa = PBXBuildFile; fileRef = 0D686D2A28FF806C00774265 /* ColorConstants.swift */; };
		0D686D2E28FF84C100774265 /* TextBoxStation.swift in Sources */ = {isa = PBXBuildFile; fileRef = 0D686D2D28FF84C100774265 /* TextBoxStation.swift */; };
		0D686D3028FF91AD00774265 /* UIFont+Rounded.swift in Sources */ = {isa = PBXBuildFile; fileRef = 0D686D2F28FF91AD00774265 /* UIFont+Rounded.swift */; };
		0D686D322901954C00774265 /* ProgressBar.swift in Sources */ = {isa = PBXBuildFile; fileRef = 0D686D312901954C00774265 /* ProgressBar.swift */; };
		0D686D342902030400774265 /* GarbageManager.swift in Sources */ = {isa = PBXBuildFile; fileRef = 0D686D332902030400774265 /* GarbageManager.swift */; };
		0DC262A3290799100091A7F2 /* AddableGame.swift in Sources */ = {isa = PBXBuildFile; fileRef = 0DC262A2290799100091A7F2 /* AddableGame.swift */; };
		0DC262A529079A4F0091A7F2 /* TextBoxStationSubscriber.swift in Sources */ = {isa = PBXBuildFile; fileRef = 0DC262A429079A4F0091A7F2 /* TextBoxStationSubscriber.swift */; };
		0DF9ECF9290D88D600F02341 /* ViewManager.swift in Sources */ = {isa = PBXBuildFile; fileRef = 0DF9ECF8290D88D600F02341 /* ViewManager.swift */; };
		0DF9ECFC290D9A5800F02341 /* LevelPosition.swift in Sources */ = {isa = PBXBuildFile; fileRef = 0DF9ECFB290D9A5800F02341 /* LevelPosition.swift */; };
		0DF9ECFE290DA5D500F02341 /* LevelStatus.swift in Sources */ = {isa = PBXBuildFile; fileRef = 0DF9ECFD290DA5D500F02341 /* LevelStatus.swift */; };
		0DF9ED00290DA8AE00F02341 /* LevelManager.swift in Sources */ = {isa = PBXBuildFile; fileRef = 0DF9ECFF290DA8AE00F02341 /* LevelManager.swift */; };
		0DF9ED02290DB4B200F02341 /* Level.swift in Sources */ = {isa = PBXBuildFile; fileRef = 0DF9ED01290DB4B200F02341 /* Level.swift */; };
		175CE6F42908D89600649C13 /* PlantsView.swift in Sources */ = {isa = PBXBuildFile; fileRef = 175CE6F32908D89600649C13 /* PlantsView.swift */; };
		175CE6F62908D8F100649C13 /* LogoAndStartView.swift in Sources */ = {isa = PBXBuildFile; fileRef = 175CE6F52908D8F100649C13 /* LogoAndStartView.swift */; };
		175CE6F82908D92700649C13 /* TopbuttonsView.swift in Sources */ = {isa = PBXBuildFile; fileRef = 175CE6F72908D92700649C13 /* TopbuttonsView.swift */; };
		17BFB03B2901BE2D001FE918 /* Boat.swift in Sources */ = {isa = PBXBuildFile; fileRef = 17BFB03A2901BE2D001FE918 /* Boat.swift */; };
		17BFB03E2901BE5A001FE918 /* BoatVerticalMoviment.swift in Sources */ = {isa = PBXBuildFile; fileRef = 17BFB03D2901BE5A001FE918 /* BoatVerticalMoviment.swift */; };
		17BFB0402901BE69001FE918 /* BoatHorizontalMovement.swift in Sources */ = {isa = PBXBuildFile; fileRef = 17BFB03F2901BE69001FE918 /* BoatHorizontalMovement.swift */; };
		17BFB0422901BE76001FE918 /* BoatAngularMovement.swift in Sources */ = {isa = PBXBuildFile; fileRef = 17BFB0412901BE76001FE918 /* BoatAngularMovement.swift */; };
		17BFB04429023913001FE918 /* PauseButton.swift in Sources */ = {isa = PBXBuildFile; fileRef = 17BFB04329023913001FE918 /* PauseButton.swift */; };
		17BFB0462902D4E2001FE918 /* PauseButtonDelegate.swift in Sources */ = {isa = PBXBuildFile; fileRef = 17BFB0452902D4E2001FE918 /* PauseButtonDelegate.swift */; };
		17BFB0482904C258001FE918 /* PauseMenu.swift in Sources */ = {isa = PBXBuildFile; fileRef = 17BFB0472904C258001FE918 /* PauseMenu.swift */; };
		17BFB04A2904CBA4001FE918 /* SettingsMenu.swift in Sources */ = {isa = PBXBuildFile; fileRef = 17BFB0492904CBA4001FE918 /* SettingsMenu.swift */; };
		17BFB04D2907112D001FE918 /* XButtonView.swift in Sources */ = {isa = PBXBuildFile; fileRef = 17BFB04C2907112D001FE918 /* XButtonView.swift */; };
		17BFB04F2907114E001FE918 /* PauseLabelView.swift in Sources */ = {isa = PBXBuildFile; fileRef = 17BFB04E2907114E001FE918 /* PauseLabelView.swift */; };
		17BFB05129071194001FE918 /* SoundAndMusicView.swift in Sources */ = {isa = PBXBuildFile; fileRef = 17BFB05029071194001FE918 /* SoundAndMusicView.swift */; };
		17BFB05529071205001FE918 /* BottomButtons.swift in Sources */ = {isa = PBXBuildFile; fileRef = 17BFB05429071205001FE918 /* BottomButtons.swift */; };
		17C55245290860CF00929589 /* HomePage.swift in Sources */ = {isa = PBXBuildFile; fileRef = 17C55244290860CF00929589 /* HomePage.swift */; };
		2725C2B129070C0B00057CF7 /* GameScene+TouchesBegan.swift in Sources */ = {isa = PBXBuildFile; fileRef = 2725C2B029070C0B00057CF7 /* GameScene+TouchesBegan.swift */; };
		27810D9A2901C93E00E167E1 /* SoundController.swift in Sources */ = {isa = PBXBuildFile; fileRef = 27810D992901C93E00E167E1 /* SoundController.swift */; };
		27DDE6602901B71400789B2A /* BubbleStation.swift in Sources */ = {isa = PBXBuildFile; fileRef = 27DDE65F2901B71400789B2A /* BubbleStation.swift */; };
		27DDE6622901B74800789B2A /* Bubble.swift in Sources */ = {isa = PBXBuildFile; fileRef = 27DDE6612901B74800789B2A /* Bubble.swift */; };
		27DDE6642901B76300789B2A /* BubbleSubscriber.swift in Sources */ = {isa = PBXBuildFile; fileRef = 27DDE6632901B76300789B2A /* BubbleSubscriber.swift */; };
		27DDE6662901B78B00789B2A /* VerticalWaveMovement.swift in Sources */ = {isa = PBXBuildFile; fileRef = 27DDE6652901B78B00789B2A /* VerticalWaveMovement.swift */; };
/* End PBXBuildFile section */

/* Begin PBXFileReference section */
		0D1D7AB9290A485F00EE1179 /* GameScene+PauseButtonDelegate.swift */ = {isa = PBXFileReference; lastKnownFileType = sourcecode.swift; path = "GameScene+PauseButtonDelegate.swift"; sourceTree = "<group>"; };
		0D1D7ABC290ACBC100EE1179 /* LevelPage.swift */ = {isa = PBXFileReference; lastKnownFileType = sourcecode.swift; path = LevelPage.swift; sourceTree = "<group>"; };
		0D1D7ABE290ACC6D00EE1179 /* LevelButton.swift */ = {isa = PBXFileReference; lastKnownFileType = sourcecode.swift; path = LevelButton.swift; sourceTree = "<group>"; };
		0D33EB05290F18C500474AFE /* UIDevice+Vibrate.swift */ = {isa = PBXFileReference; lastKnownFileType = sourcecode.swift; path = "UIDevice+Vibrate.swift"; sourceTree = "<group>"; };
		0D6670E328FF1FB600DA1814 /* spelling-bubbles.app */ = {isa = PBXFileReference; explicitFileType = wrapper.application; includeInIndex = 0; path = "spelling-bubbles.app"; sourceTree = BUILT_PRODUCTS_DIR; };
		0D6670E628FF1FB600DA1814 /* spelling_bubblesApp.swift */ = {isa = PBXFileReference; lastKnownFileType = sourcecode.swift; path = spelling_bubblesApp.swift; sourceTree = "<group>"; };
		0D6670EA28FF1FB600DA1814 /* Assets.xcassets */ = {isa = PBXFileReference; lastKnownFileType = folder.assetcatalog; path = Assets.xcassets; sourceTree = "<group>"; };
		0D6670ED28FF1FB600DA1814 /* Preview Assets.xcassets */ = {isa = PBXFileReference; lastKnownFileType = folder.assetcatalog; path = "Preview Assets.xcassets"; sourceTree = "<group>"; };
		0D6670EF28FF1FB600DA1814 /* Persistence.swift */ = {isa = PBXFileReference; lastKnownFileType = sourcecode.swift; path = Persistence.swift; sourceTree = "<group>"; };
		0D6670F228FF1FB600DA1814 /* spelling_bubbles.xcdatamodel */ = {isa = PBXFileReference; lastKnownFileType = wrapper.xcdatamodel; path = spelling_bubbles.xcdatamodel; sourceTree = "<group>"; };
		0D6670F928FF231000DA1814 /* ContentView.swift */ = {isa = PBXFileReference; lastKnownFileType = sourcecode.swift; path = ContentView.swift; sourceTree = "<group>"; };
		0D6670FB28FF233300DA1814 /* GameScene.swift */ = {isa = PBXFileReference; lastKnownFileType = sourcecode.swift; path = GameScene.swift; sourceTree = "<group>"; };
		0D6670FE28FF236100DA1814 /* AvaiablePosition.swift */ = {isa = PBXFileReference; lastKnownFileType = sourcecode.swift; path = AvaiablePosition.swift; sourceTree = "<group>"; };
		0D66710028FF237600DA1814 /* Garbage.swift */ = {isa = PBXFileReference; lastKnownFileType = sourcecode.swift; path = Garbage.swift; sourceTree = "<group>"; };
		0D66710328FF239D00DA1814 /* MovementSide.swift */ = {isa = PBXFileReference; lastKnownFileType = sourcecode.swift; path = MovementSide.swift; sourceTree = "<group>"; };
		0D66710628FF23DF00DA1814 /* Int+Adapted.swift */ = {isa = PBXFileReference; lastKnownFileType = sourcecode.swift; path = "Int+Adapted.swift"; sourceTree = "<group>"; };
		0D66710928FF240C00DA1814 /* AnyNode.swift */ = {isa = PBXFileReference; lastKnownFileType = sourcecode.swift; path = AnyNode.swift; sourceTree = "<group>"; };
		0D66710B28FF242700DA1814 /* Moveable.swift */ = {isa = PBXFileReference; lastKnownFileType = sourcecode.swift; path = Moveable.swift; sourceTree = "<group>"; };
		0D66710D28FF244200DA1814 /* GarbageSubscriber.swift */ = {isa = PBXFileReference; lastKnownFileType = sourcecode.swift; path = GarbageSubscriber.swift; sourceTree = "<group>"; };
		0D66711328FF248300DA1814 /* DiagonalMovement.swift */ = {isa = PBXFileReference; lastKnownFileType = sourcecode.swift; path = DiagonalMovement.swift; sourceTree = "<group>"; };
		0D66711528FF249700DA1814 /* VerticalMovement.swift */ = {isa = PBXFileReference; lastKnownFileType = sourcecode.swift; path = VerticalMovement.swift; sourceTree = "<group>"; };
		0D66711828FF24C000DA1814 /* GarbageStation.swift */ = {isa = PBXFileReference; lastKnownFileType = sourcecode.swift; path = GarbageStation.swift; sourceTree = "<group>"; };
		0D66711B28FF27BD00DA1814 /* ImageConstants.swift */ = {isa = PBXFileReference; lastKnownFileType = sourcecode.swift; path = ImageConstants.swift; sourceTree = "<group>"; };
		0D66711E28FF2E9E00DA1814 /* MainGameBackground.swift */ = {isa = PBXFileReference; lastKnownFileType = sourcecode.swift; path = MainGameBackground.swift; sourceTree = "<group>"; };
		0D686D1F28FF5E4300774265 /* GameViewController.swift */ = {isa = PBXFileReference; lastKnownFileType = sourcecode.swift; path = GameViewController.swift; sourceTree = "<group>"; };
		0D686D2128FF65D200774265 /* ShakeHandler.swift */ = {isa = PBXFileReference; lastKnownFileType = sourcecode.swift; path = ShakeHandler.swift; sourceTree = "<group>"; };
		0D686D2328FF660100774265 /* GameScene+ShakeHandler.swift */ = {isa = PBXFileReference; lastKnownFileType = sourcecode.swift; path = "GameScene+ShakeHandler.swift"; sourceTree = "<group>"; };
		0D686D2828FF7DBA00774265 /* TextBox.swift */ = {isa = PBXFileReference; lastKnownFileType = sourcecode.swift; path = TextBox.swift; sourceTree = "<group>"; };
		0D686D2A28FF806C00774265 /* ColorConstants.swift */ = {isa = PBXFileReference; lastKnownFileType = sourcecode.swift; path = ColorConstants.swift; sourceTree = "<group>"; };
		0D686D2D28FF84C100774265 /* TextBoxStation.swift */ = {isa = PBXFileReference; lastKnownFileType = sourcecode.swift; path = TextBoxStation.swift; sourceTree = "<group>"; };
		0D686D2F28FF91AD00774265 /* UIFont+Rounded.swift */ = {isa = PBXFileReference; lastKnownFileType = sourcecode.swift; path = "UIFont+Rounded.swift"; sourceTree = "<group>"; };
		0D686D312901954C00774265 /* ProgressBar.swift */ = {isa = PBXFileReference; lastKnownFileType = sourcecode.swift; path = ProgressBar.swift; sourceTree = "<group>"; };
		0D686D332902030400774265 /* GarbageManager.swift */ = {isa = PBXFileReference; lastKnownFileType = sourcecode.swift; path = GarbageManager.swift; sourceTree = "<group>"; };
		0DC262A2290799100091A7F2 /* AddableGame.swift */ = {isa = PBXFileReference; lastKnownFileType = sourcecode.swift; path = AddableGame.swift; sourceTree = "<group>"; };
		0DC262A429079A4F0091A7F2 /* TextBoxStationSubscriber.swift */ = {isa = PBXFileReference; lastKnownFileType = sourcecode.swift; path = TextBoxStationSubscriber.swift; sourceTree = "<group>"; };
		0DF9ECF8290D88D600F02341 /* ViewManager.swift */ = {isa = PBXFileReference; lastKnownFileType = sourcecode.swift; path = ViewManager.swift; sourceTree = "<group>"; };
		0DF9ECFB290D9A5800F02341 /* LevelPosition.swift */ = {isa = PBXFileReference; lastKnownFileType = sourcecode.swift; path = LevelPosition.swift; sourceTree = "<group>"; };
		0DF9ECFD290DA5D500F02341 /* LevelStatus.swift */ = {isa = PBXFileReference; lastKnownFileType = sourcecode.swift; path = LevelStatus.swift; sourceTree = "<group>"; };
		0DF9ECFF290DA8AE00F02341 /* LevelManager.swift */ = {isa = PBXFileReference; lastKnownFileType = sourcecode.swift; path = LevelManager.swift; sourceTree = "<group>"; };
		0DF9ED01290DB4B200F02341 /* Level.swift */ = {isa = PBXFileReference; lastKnownFileType = sourcecode.swift; path = Level.swift; sourceTree = "<group>"; };
		175CE6F32908D89600649C13 /* PlantsView.swift */ = {isa = PBXFileReference; lastKnownFileType = sourcecode.swift; path = PlantsView.swift; sourceTree = "<group>"; };
		175CE6F52908D8F100649C13 /* LogoAndStartView.swift */ = {isa = PBXFileReference; lastKnownFileType = sourcecode.swift; path = LogoAndStartView.swift; sourceTree = "<group>"; };
		175CE6F72908D92700649C13 /* TopbuttonsView.swift */ = {isa = PBXFileReference; lastKnownFileType = sourcecode.swift; path = TopbuttonsView.swift; sourceTree = "<group>"; };
		17BFB03A2901BE2D001FE918 /* Boat.swift */ = {isa = PBXFileReference; lastKnownFileType = sourcecode.swift; path = Boat.swift; sourceTree = "<group>"; };
		17BFB03D2901BE5A001FE918 /* BoatVerticalMoviment.swift */ = {isa = PBXFileReference; lastKnownFileType = sourcecode.swift; path = BoatVerticalMoviment.swift; sourceTree = "<group>"; };
		17BFB03F2901BE69001FE918 /* BoatHorizontalMovement.swift */ = {isa = PBXFileReference; lastKnownFileType = sourcecode.swift; path = BoatHorizontalMovement.swift; sourceTree = "<group>"; };
		17BFB0412901BE76001FE918 /* BoatAngularMovement.swift */ = {isa = PBXFileReference; lastKnownFileType = sourcecode.swift; path = BoatAngularMovement.swift; sourceTree = "<group>"; };
		17BFB04329023913001FE918 /* PauseButton.swift */ = {isa = PBXFileReference; lastKnownFileType = sourcecode.swift; path = PauseButton.swift; sourceTree = "<group>"; };
		17BFB0452902D4E2001FE918 /* PauseButtonDelegate.swift */ = {isa = PBXFileReference; lastKnownFileType = sourcecode.swift; path = PauseButtonDelegate.swift; sourceTree = "<group>"; };
		17BFB0472904C258001FE918 /* PauseMenu.swift */ = {isa = PBXFileReference; lastKnownFileType = sourcecode.swift; path = PauseMenu.swift; sourceTree = "<group>"; };
		17BFB0492904CBA4001FE918 /* SettingsMenu.swift */ = {isa = PBXFileReference; lastKnownFileType = sourcecode.swift; path = SettingsMenu.swift; sourceTree = "<group>"; };
		17BFB04C2907112D001FE918 /* XButtonView.swift */ = {isa = PBXFileReference; lastKnownFileType = sourcecode.swift; path = XButtonView.swift; sourceTree = "<group>"; };
		17BFB04E2907114E001FE918 /* PauseLabelView.swift */ = {isa = PBXFileReference; lastKnownFileType = sourcecode.swift; path = PauseLabelView.swift; sourceTree = "<group>"; };
		17BFB05029071194001FE918 /* SoundAndMusicView.swift */ = {isa = PBXFileReference; lastKnownFileType = sourcecode.swift; path = SoundAndMusicView.swift; sourceTree = "<group>"; };
		17BFB05429071205001FE918 /* BottomButtons.swift */ = {isa = PBXFileReference; lastKnownFileType = sourcecode.swift; path = BottomButtons.swift; sourceTree = "<group>"; };
		17C55244290860CF00929589 /* HomePage.swift */ = {isa = PBXFileReference; lastKnownFileType = sourcecode.swift; path = HomePage.swift; sourceTree = "<group>"; };
		2725C2B029070C0B00057CF7 /* GameScene+TouchesBegan.swift */ = {isa = PBXFileReference; lastKnownFileType = sourcecode.swift; path = "GameScene+TouchesBegan.swift"; sourceTree = "<group>"; };
		27810D992901C93E00E167E1 /* SoundController.swift */ = {isa = PBXFileReference; lastKnownFileType = sourcecode.swift; path = SoundController.swift; sourceTree = "<group>"; };
		27DDE65F2901B71400789B2A /* BubbleStation.swift */ = {isa = PBXFileReference; lastKnownFileType = sourcecode.swift; path = BubbleStation.swift; sourceTree = "<group>"; };
		27DDE6612901B74800789B2A /* Bubble.swift */ = {isa = PBXFileReference; lastKnownFileType = sourcecode.swift; path = Bubble.swift; sourceTree = "<group>"; };
		27DDE6632901B76300789B2A /* BubbleSubscriber.swift */ = {isa = PBXFileReference; lastKnownFileType = sourcecode.swift; path = BubbleSubscriber.swift; sourceTree = "<group>"; };
		27DDE6652901B78B00789B2A /* VerticalWaveMovement.swift */ = {isa = PBXFileReference; lastKnownFileType = sourcecode.swift; path = VerticalWaveMovement.swift; sourceTree = "<group>"; };
/* End PBXFileReference section */

/* Begin PBXFrameworksBuildPhase section */
		0D6670E028FF1FB600DA1814 /* Frameworks */ = {
			isa = PBXFrameworksBuildPhase;
			buildActionMask = 2147483647;
			files = (
			);
			runOnlyForDeploymentPostprocessing = 0;
		};
/* End PBXFrameworksBuildPhase section */

/* Begin PBXGroup section */
		0D1D7ABB290ACA7C00EE1179 /* LevelPage */ = {
			isa = PBXGroup;
			children = (
				0D1D7ABC290ACBC100EE1179 /* LevelPage.swift */,
				0D1D7ABE290ACC6D00EE1179 /* LevelButton.swift */,
			);
			path = LevelPage;
			sourceTree = "<group>";
		};
		0D6670DA28FF1FB500DA1814 = {
			isa = PBXGroup;
			children = (
				0D6670E528FF1FB600DA1814 /* spelling-bubbles */,
				0D6670E428FF1FB600DA1814 /* Products */,
			);
			sourceTree = "<group>";
		};
		0D6670E428FF1FB600DA1814 /* Products */ = {
			isa = PBXGroup;
			children = (
				0D6670E328FF1FB600DA1814 /* spelling-bubbles.app */,
			);
			name = Products;
			sourceTree = "<group>";
		};
		0D6670E528FF1FB600DA1814 /* spelling-bubbles */ = {
			isa = PBXGroup;
			children = (
				0DF9ECFA290D995700F02341 /* Manager */,
				0D6670F928FF231000DA1814 /* ContentView.swift */,
				0D6670FB28FF233300DA1814 /* GameScene.swift */,
				0D1D7AB9290A485F00EE1179 /* GameScene+PauseButtonDelegate.swift */,
				0D686D2328FF660100774265 /* GameScene+ShakeHandler.swift */,
				2725C2B029070C0B00057CF7 /* GameScene+TouchesBegan.swift */,
				0D66711D28FF2E8E00DA1814 /* View */,
				0D66711A28FF27AC00DA1814 /* Constants */,
				0D66710F28FF245600DA1814 /* Controllers */,
				0D66710828FF23FC00DA1814 /* Protocols */,
				0D66710528FF23C900DA1814 /* Extensions */,
				0D66710228FF238F00DA1814 /* Enums */,
				0D6670FD28FF234F00DA1814 /* Models */,
				0D6670E628FF1FB600DA1814 /* spelling_bubblesApp.swift */,
				0D6670EA28FF1FB600DA1814 /* Assets.xcassets */,
				0D6670EF28FF1FB600DA1814 /* Persistence.swift */,
				0D6670F128FF1FB600DA1814 /* spelling_bubbles.xcdatamodeld */,
				0D6670EC28FF1FB600DA1814 /* Preview Content */,
			);
			path = "spelling-bubbles";
			sourceTree = "<group>";
		};
		0D6670EC28FF1FB600DA1814 /* Preview Content */ = {
			isa = PBXGroup;
			children = (
				0D6670ED28FF1FB600DA1814 /* Preview Assets.xcassets */,
			);
			path = "Preview Content";
			sourceTree = "<group>";
		};
		0D6670FD28FF234F00DA1814 /* Models */ = {
			isa = PBXGroup;
			children = (
				0D6670FE28FF236100DA1814 /* AvaiablePosition.swift */,
				0DF9ECFB290D9A5800F02341 /* LevelPosition.swift */,
				0DF9ECFD290DA5D500F02341 /* LevelStatus.swift */,
				0DF9ED01290DB4B200F02341 /* Level.swift */,
			);
			path = Models;
			sourceTree = "<group>";
		};
		0D66710228FF238F00DA1814 /* Enums */ = {
			isa = PBXGroup;
			children = (
				0D66710328FF239D00DA1814 /* MovementSide.swift */,
			);
			path = Enums;
			sourceTree = "<group>";
		};
		0D66710528FF23C900DA1814 /* Extensions */ = {
			isa = PBXGroup;
			children = (
				0D66710628FF23DF00DA1814 /* Int+Adapted.swift */,
				0D686D2F28FF91AD00774265 /* UIFont+Rounded.swift */,
				0D33EB05290F18C500474AFE /* UIDevice+Vibrate.swift */,
			);
			path = Extensions;
			sourceTree = "<group>";
		};
		0D66710828FF23FC00DA1814 /* Protocols */ = {
			isa = PBXGroup;
			children = (
				0DC262A629079A9D0091A7F2 /* Subscribers */,
				0D66710928FF240C00DA1814 /* AnyNode.swift */,
				0D66710B28FF242700DA1814 /* Moveable.swift */,
				0D686D2128FF65D200774265 /* ShakeHandler.swift */,
				17BFB0452902D4E2001FE918 /* PauseButtonDelegate.swift */,
				0DC262A2290799100091A7F2 /* AddableGame.swift */,
			);
			path = Protocols;
			sourceTree = "<group>";
		};
		0D66710F28FF245600DA1814 /* Controllers */ = {
			isa = PBXGroup;
			children = (
				27810D982901C8DF00E167E1 /* SoundController */,
				27DDE65E2901B70200789B2A /* BubbleObserver */,
				0D686D2C28FF84AA00774265 /* TextObserver */,
				0D66711728FF24B200DA1814 /* GarbageObserver */,
				0D66711028FF246300DA1814 /* Movement */,
				0D686D1F28FF5E4300774265 /* GameViewController.swift */,
			);
			path = Controllers;
			sourceTree = "<group>";
		};
		0D66711028FF246300DA1814 /* Movement */ = {
			isa = PBXGroup;
			children = (
				17BFB03C2901BE48001FE918 /* Boat */,
				0D66711328FF248300DA1814 /* DiagonalMovement.swift */,
				0D66711528FF249700DA1814 /* VerticalMovement.swift */,
				27DDE6652901B78B00789B2A /* VerticalWaveMovement.swift */,
			);
			path = Movement;
			sourceTree = "<group>";
		};
		0D66711728FF24B200DA1814 /* GarbageObserver */ = {
			isa = PBXGroup;
			children = (
				0D66711828FF24C000DA1814 /* GarbageStation.swift */,
				0D686D332902030400774265 /* GarbageManager.swift */,
			);
			path = GarbageObserver;
			sourceTree = "<group>";
		};
		0D66711A28FF27AC00DA1814 /* Constants */ = {
			isa = PBXGroup;
			children = (
				0D66711B28FF27BD00DA1814 /* ImageConstants.swift */,
				0D686D2A28FF806C00774265 /* ColorConstants.swift */,
			);
			path = Constants;
			sourceTree = "<group>";
		};
		0D66711D28FF2E8E00DA1814 /* View */ = {
			isa = PBXGroup;
			children = (
				0D1D7ABB290ACA7C00EE1179 /* LevelPage */,
				175CE6F22908D87600649C13 /* HomePage */,
				17BFB04B2907110A001FE918 /* PauseView */,
				0D66711E28FF2E9E00DA1814 /* MainGameBackground.swift */,
				0D686D2828FF7DBA00774265 /* TextBox.swift */,
				0D66710028FF237600DA1814 /* Garbage.swift */,
				0D686D312901954C00774265 /* ProgressBar.swift */,
				27DDE6612901B74800789B2A /* Bubble.swift */,
				17BFB03A2901BE2D001FE918 /* Boat.swift */,
				17BFB04329023913001FE918 /* PauseButton.swift */,
				17BFB0492904CBA4001FE918 /* SettingsMenu.swift */,
			);
			path = View;
			sourceTree = "<group>";
		};
		0D686D2C28FF84AA00774265 /* TextObserver */ = {
			isa = PBXGroup;
			children = (
				0D686D2D28FF84C100774265 /* TextBoxStation.swift */,
			);
			path = TextObserver;
			sourceTree = "<group>";
		};
		0DC262A629079A9D0091A7F2 /* Subscribers */ = {
			isa = PBXGroup;
			children = (
				0DC262A429079A4F0091A7F2 /* TextBoxStationSubscriber.swift */,
				27DDE6632901B76300789B2A /* BubbleSubscriber.swift */,
				0D66710D28FF244200DA1814 /* GarbageSubscriber.swift */,
			);
			path = Subscribers;
			sourceTree = "<group>";
		};
		0DF9ECFA290D995700F02341 /* Manager */ = {
			isa = PBXGroup;
			children = (
				0DF9ECF8290D88D600F02341 /* ViewManager.swift */,
				0DF9ECFF290DA8AE00F02341 /* LevelManager.swift */,
			);
			path = Manager;
			sourceTree = "<group>";
		};
		175CE6F22908D87600649C13 /* HomePage */ = {
			isa = PBXGroup;
			children = (
				17C55244290860CF00929589 /* HomePage.swift */,
				175CE6F32908D89600649C13 /* PlantsView.swift */,
				175CE6F52908D8F100649C13 /* LogoAndStartView.swift */,
				175CE6F72908D92700649C13 /* TopbuttonsView.swift */,
			);
			path = HomePage;
			sourceTree = "<group>";
		};
		17BFB03C2901BE48001FE918 /* Boat */ = {
			isa = PBXGroup;
			children = (
				17BFB03D2901BE5A001FE918 /* BoatVerticalMoviment.swift */,
				17BFB03F2901BE69001FE918 /* BoatHorizontalMovement.swift */,
				17BFB0412901BE76001FE918 /* BoatAngularMovement.swift */,
			);
			path = Boat;
			sourceTree = "<group>";
		};
		17BFB04B2907110A001FE918 /* PauseView */ = {
			isa = PBXGroup;
			children = (
				17BFB0472904C258001FE918 /* PauseMenu.swift */,
				17BFB04C2907112D001FE918 /* XButtonView.swift */,
				17BFB04E2907114E001FE918 /* PauseLabelView.swift */,
				17BFB05029071194001FE918 /* SoundAndMusicView.swift */,
				17BFB05429071205001FE918 /* BottomButtons.swift */,
			);
			path = PauseView;
			sourceTree = "<group>";
		};
		27810D982901C8DF00E167E1 /* SoundController */ = {
			isa = PBXGroup;
			children = (
				27810D992901C93E00E167E1 /* SoundController.swift */,
			);
			path = SoundController;
			sourceTree = "<group>";
		};
		27DDE65E2901B70200789B2A /* BubbleObserver */ = {
			isa = PBXGroup;
			children = (
				27DDE65F2901B71400789B2A /* BubbleStation.swift */,
			);
			path = BubbleObserver;
			sourceTree = "<group>";
		};
/* End PBXGroup section */

/* Begin PBXNativeTarget section */
		0D6670E228FF1FB600DA1814 /* spelling-bubbles */ = {
			isa = PBXNativeTarget;
			buildConfigurationList = 0D6670F628FF1FB600DA1814 /* Build configuration list for PBXNativeTarget "spelling-bubbles" */;
			buildPhases = (
				0D6670DF28FF1FB600DA1814 /* Sources */,
				0D6670E028FF1FB600DA1814 /* Frameworks */,
				0D6670E128FF1FB600DA1814 /* Resources */,
			);
			buildRules = (
			);
			dependencies = (
			);
			name = "spelling-bubbles";
			productName = "spelling-bubbles";
			productReference = 0D6670E328FF1FB600DA1814 /* spelling-bubbles.app */;
			productType = "com.apple.product-type.application";
		};
/* End PBXNativeTarget section */

/* Begin PBXProject section */
		0D6670DB28FF1FB500DA1814 /* Project object */ = {
			isa = PBXProject;
			attributes = {
				BuildIndependentTargetsInParallel = 1;
				LastSwiftUpdateCheck = 1340;
				LastUpgradeCheck = 1340;
				TargetAttributes = {
					0D6670E228FF1FB600DA1814 = {
						CreatedOnToolsVersion = 13.4.1;
					};
				};
			};
			buildConfigurationList = 0D6670DE28FF1FB500DA1814 /* Build configuration list for PBXProject "spelling-bubbles" */;
			compatibilityVersion = "Xcode 13.0";
			developmentRegion = en;
			hasScannedForEncodings = 0;
			knownRegions = (
				en,
				Base,
			);
			mainGroup = 0D6670DA28FF1FB500DA1814;
			productRefGroup = 0D6670E428FF1FB600DA1814 /* Products */;
			projectDirPath = "";
			projectRoot = "";
			targets = (
				0D6670E228FF1FB600DA1814 /* spelling-bubbles */,
			);
		};
/* End PBXProject section */

/* Begin PBXResourcesBuildPhase section */
		0D6670E128FF1FB600DA1814 /* Resources */ = {
			isa = PBXResourcesBuildPhase;
			buildActionMask = 2147483647;
			files = (
				0D6670EE28FF1FB600DA1814 /* Preview Assets.xcassets in Resources */,
				0D6670EB28FF1FB600DA1814 /* Assets.xcassets in Resources */,
			);
			runOnlyForDeploymentPostprocessing = 0;
		};
/* End PBXResourcesBuildPhase section */

/* Begin PBXSourcesBuildPhase section */
		0D6670DF28FF1FB600DA1814 /* Sources */ = {
			isa = PBXSourcesBuildPhase;
			buildActionMask = 2147483647;
			files = (
				0D686D3028FF91AD00774265 /* UIFont+Rounded.swift in Sources */,
				17C55245290860CF00929589 /* HomePage.swift in Sources */,
				27DDE6602901B71400789B2A /* BubbleStation.swift in Sources */,
				0D66710C28FF242700DA1814 /* Moveable.swift in Sources */,
				0D6670FC28FF233300DA1814 /* GameScene.swift in Sources */,
				17BFB03E2901BE5A001FE918 /* BoatVerticalMoviment.swift in Sources */,
				17BFB0462902D4E2001FE918 /* PauseButtonDelegate.swift in Sources */,
				0D6670FF28FF236100DA1814 /* AvaiablePosition.swift in Sources */,
				0D1D7ABD290ACBC100EE1179 /* LevelPage.swift in Sources */,
				17BFB05129071194001FE918 /* SoundAndMusicView.swift in Sources */,
				17BFB03B2901BE2D001FE918 /* Boat.swift in Sources */,
				0D686D2228FF65D200774265 /* ShakeHandler.swift in Sources */,
				0D66710728FF23DF00DA1814 /* Int+Adapted.swift in Sources */,
				0D6670F028FF1FB600DA1814 /* Persistence.swift in Sources */,
				175CE6F42908D89600649C13 /* PlantsView.swift in Sources */,
				0D33EB06290F18C500474AFE /* UIDevice+Vibrate.swift in Sources */,
				175CE6F62908D8F100649C13 /* LogoAndStartView.swift in Sources */,
				0D1D7ABF290ACC6D00EE1179 /* LevelButton.swift in Sources */,
				0D66711C28FF27BD00DA1814 /* ImageConstants.swift in Sources */,
				0DF9ECF9290D88D600F02341 /* ViewManager.swift in Sources */,
				27810D9A2901C93E00E167E1 /* SoundController.swift in Sources */,
				0D6670F328FF1FB600DA1814 /* spelling_bubbles.xcdatamodeld in Sources */,
				17BFB04A2904CBA4001FE918 /* SettingsMenu.swift in Sources */,
				0DF9ECFE290DA5D500F02341 /* LevelStatus.swift in Sources */,
				175CE6F82908D92700649C13 /* TopbuttonsView.swift in Sources */,
				17BFB04429023913001FE918 /* PauseButton.swift in Sources */,
				0D1D7ABA290A485F00EE1179 /* GameScene+PauseButtonDelegate.swift in Sources */,
				17BFB04F2907114E001FE918 /* PauseLabelView.swift in Sources */,
				27DDE6622901B74800789B2A /* Bubble.swift in Sources */,
				17BFB0402901BE69001FE918 /* BoatHorizontalMovement.swift in Sources */,
				17BFB04D2907112D001FE918 /* XButtonView.swift in Sources */,
				0DF9ED02290DB4B200F02341 /* Level.swift in Sources */,
				0DC262A3290799100091A7F2 /* AddableGame.swift in Sources */,
				0D686D322901954C00774265 /* ProgressBar.swift in Sources */,
				0D686D2028FF5E4300774265 /* GameViewController.swift in Sources */,
				0DC262A529079A4F0091A7F2 /* TextBoxStationSubscriber.swift in Sources */,
				2725C2B129070C0B00057CF7 /* GameScene+TouchesBegan.swift in Sources */,
				0D66710128FF237600DA1814 /* Garbage.swift in Sources */,
				0D686D2B28FF806C00774265 /* ColorConstants.swift in Sources */,
				0D686D342902030400774265 /* GarbageManager.swift in Sources */,
				0D66710E28FF244200DA1814 /* GarbageSubscriber.swift in Sources */,
				0D66711428FF248300DA1814 /* DiagonalMovement.swift in Sources */,
				0D66711928FF24C000DA1814 /* GarbageStation.swift in Sources */,
				27DDE6662901B78B00789B2A /* VerticalWaveMovement.swift in Sources */,
				0D66710A28FF240C00DA1814 /* AnyNode.swift in Sources */,
				0D66710428FF239D00DA1814 /* MovementSide.swift in Sources */,
				0D6670FA28FF231000DA1814 /* ContentView.swift in Sources */,
				17BFB05529071205001FE918 /* BottomButtons.swift in Sources */,
				0D6670E728FF1FB600DA1814 /* spelling_bubblesApp.swift in Sources */,
				0D686D2428FF660100774265 /* GameScene+ShakeHandler.swift in Sources */,
				17BFB0482904C258001FE918 /* PauseMenu.swift in Sources */,
				0DF9ECFC290D9A5800F02341 /* LevelPosition.swift in Sources */,
				0D66711F28FF2E9E00DA1814 /* MainGameBackground.swift in Sources */,
				0D686D2928FF7DBA00774265 /* TextBox.swift in Sources */,
				27DDE6642901B76300789B2A /* BubbleSubscriber.swift in Sources */,
				17BFB0422901BE76001FE918 /* BoatAngularMovement.swift in Sources */,
				0D66711628FF249700DA1814 /* VerticalMovement.swift in Sources */,
				0DF9ED00290DA8AE00F02341 /* LevelManager.swift in Sources */,
				0D686D2E28FF84C100774265 /* TextBoxStation.swift in Sources */,
			);
			runOnlyForDeploymentPostprocessing = 0;
		};
/* End PBXSourcesBuildPhase section */

/* Begin XCBuildConfiguration section */
		0D6670F428FF1FB600DA1814 /* Debug */ = {
			isa = XCBuildConfiguration;
			buildSettings = {
				ALWAYS_SEARCH_USER_PATHS = NO;
				CLANG_ANALYZER_NONNULL = YES;
				CLANG_ANALYZER_NUMBER_OBJECT_CONVERSION = YES_AGGRESSIVE;
				CLANG_CXX_LANGUAGE_STANDARD = "gnu++17";
				CLANG_ENABLE_MODULES = YES;
				CLANG_ENABLE_OBJC_ARC = YES;
				CLANG_ENABLE_OBJC_WEAK = YES;
				CLANG_WARN_BLOCK_CAPTURE_AUTORELEASING = YES;
				CLANG_WARN_BOOL_CONVERSION = YES;
				CLANG_WARN_COMMA = YES;
				CLANG_WARN_CONSTANT_CONVERSION = YES;
				CLANG_WARN_DEPRECATED_OBJC_IMPLEMENTATIONS = YES;
				CLANG_WARN_DIRECT_OBJC_ISA_USAGE = YES_ERROR;
				CLANG_WARN_DOCUMENTATION_COMMENTS = YES;
				CLANG_WARN_EMPTY_BODY = YES;
				CLANG_WARN_ENUM_CONVERSION = YES;
				CLANG_WARN_INFINITE_RECURSION = YES;
				CLANG_WARN_INT_CONVERSION = YES;
				CLANG_WARN_NON_LITERAL_NULL_CONVERSION = YES;
				CLANG_WARN_OBJC_IMPLICIT_RETAIN_SELF = YES;
				CLANG_WARN_OBJC_LITERAL_CONVERSION = YES;
				CLANG_WARN_OBJC_ROOT_CLASS = YES_ERROR;
				CLANG_WARN_QUOTED_INCLUDE_IN_FRAMEWORK_HEADER = YES;
				CLANG_WARN_RANGE_LOOP_ANALYSIS = YES;
				CLANG_WARN_STRICT_PROTOTYPES = YES;
				CLANG_WARN_SUSPICIOUS_MOVE = YES;
				CLANG_WARN_UNGUARDED_AVAILABILITY = YES_AGGRESSIVE;
				CLANG_WARN_UNREACHABLE_CODE = YES;
				CLANG_WARN__DUPLICATE_METHOD_MATCH = YES;
				COPY_PHASE_STRIP = NO;
				DEBUG_INFORMATION_FORMAT = dwarf;
				ENABLE_STRICT_OBJC_MSGSEND = YES;
				ENABLE_TESTABILITY = YES;
				GCC_C_LANGUAGE_STANDARD = gnu11;
				GCC_DYNAMIC_NO_PIC = NO;
				GCC_NO_COMMON_BLOCKS = YES;
				GCC_OPTIMIZATION_LEVEL = 0;
				GCC_PREPROCESSOR_DEFINITIONS = (
					"DEBUG=1",
					"$(inherited)",
				);
				GCC_WARN_64_TO_32_BIT_CONVERSION = YES;
				GCC_WARN_ABOUT_RETURN_TYPE = YES_ERROR;
				GCC_WARN_UNDECLARED_SELECTOR = YES;
				GCC_WARN_UNINITIALIZED_AUTOS = YES_AGGRESSIVE;
				GCC_WARN_UNUSED_FUNCTION = YES;
				GCC_WARN_UNUSED_VARIABLE = YES;
				IPHONEOS_DEPLOYMENT_TARGET = 15.5;
				MTL_ENABLE_DEBUG_INFO = INCLUDE_SOURCE;
				MTL_FAST_MATH = YES;
				ONLY_ACTIVE_ARCH = YES;
				SDKROOT = iphoneos;
				SWIFT_ACTIVE_COMPILATION_CONDITIONS = DEBUG;
				SWIFT_OPTIMIZATION_LEVEL = "-Onone";
			};
			name = Debug;
		};
		0D6670F528FF1FB600DA1814 /* Release */ = {
			isa = XCBuildConfiguration;
			buildSettings = {
				ALWAYS_SEARCH_USER_PATHS = NO;
				CLANG_ANALYZER_NONNULL = YES;
				CLANG_ANALYZER_NUMBER_OBJECT_CONVERSION = YES_AGGRESSIVE;
				CLANG_CXX_LANGUAGE_STANDARD = "gnu++17";
				CLANG_ENABLE_MODULES = YES;
				CLANG_ENABLE_OBJC_ARC = YES;
				CLANG_ENABLE_OBJC_WEAK = YES;
				CLANG_WARN_BLOCK_CAPTURE_AUTORELEASING = YES;
				CLANG_WARN_BOOL_CONVERSION = YES;
				CLANG_WARN_COMMA = YES;
				CLANG_WARN_CONSTANT_CONVERSION = YES;
				CLANG_WARN_DEPRECATED_OBJC_IMPLEMENTATIONS = YES;
				CLANG_WARN_DIRECT_OBJC_ISA_USAGE = YES_ERROR;
				CLANG_WARN_DOCUMENTATION_COMMENTS = YES;
				CLANG_WARN_EMPTY_BODY = YES;
				CLANG_WARN_ENUM_CONVERSION = YES;
				CLANG_WARN_INFINITE_RECURSION = YES;
				CLANG_WARN_INT_CONVERSION = YES;
				CLANG_WARN_NON_LITERAL_NULL_CONVERSION = YES;
				CLANG_WARN_OBJC_IMPLICIT_RETAIN_SELF = YES;
				CLANG_WARN_OBJC_LITERAL_CONVERSION = YES;
				CLANG_WARN_OBJC_ROOT_CLASS = YES_ERROR;
				CLANG_WARN_QUOTED_INCLUDE_IN_FRAMEWORK_HEADER = YES;
				CLANG_WARN_RANGE_LOOP_ANALYSIS = YES;
				CLANG_WARN_STRICT_PROTOTYPES = YES;
				CLANG_WARN_SUSPICIOUS_MOVE = YES;
				CLANG_WARN_UNGUARDED_AVAILABILITY = YES_AGGRESSIVE;
				CLANG_WARN_UNREACHABLE_CODE = YES;
				CLANG_WARN__DUPLICATE_METHOD_MATCH = YES;
				COPY_PHASE_STRIP = NO;
				DEBUG_INFORMATION_FORMAT = "dwarf-with-dsym";
				ENABLE_NS_ASSERTIONS = NO;
				ENABLE_STRICT_OBJC_MSGSEND = YES;
				GCC_C_LANGUAGE_STANDARD = gnu11;
				GCC_NO_COMMON_BLOCKS = YES;
				GCC_WARN_64_TO_32_BIT_CONVERSION = YES;
				GCC_WARN_ABOUT_RETURN_TYPE = YES_ERROR;
				GCC_WARN_UNDECLARED_SELECTOR = YES;
				GCC_WARN_UNINITIALIZED_AUTOS = YES_AGGRESSIVE;
				GCC_WARN_UNUSED_FUNCTION = YES;
				GCC_WARN_UNUSED_VARIABLE = YES;
				IPHONEOS_DEPLOYMENT_TARGET = 15.5;
				MTL_ENABLE_DEBUG_INFO = NO;
				MTL_FAST_MATH = YES;
				SDKROOT = iphoneos;
				SWIFT_COMPILATION_MODE = wholemodule;
				SWIFT_OPTIMIZATION_LEVEL = "-O";
				VALIDATE_PRODUCT = YES;
			};
			name = Release;
		};
		0D6670F728FF1FB600DA1814 /* Debug */ = {
			isa = XCBuildConfiguration;
			buildSettings = {
				ASSETCATALOG_COMPILER_APPICON_NAME = AppIcon;
				ASSETCATALOG_COMPILER_GLOBAL_ACCENT_COLOR_NAME = AccentColor;
				CODE_SIGN_STYLE = Automatic;
				CURRENT_PROJECT_VERSION = 1;
				DEVELOPMENT_ASSET_PATHS = "\"spelling-bubbles/Preview Content\"";
				DEVELOPMENT_TEAM = V8K8MHSNH4;
				ENABLE_PREVIEWS = YES;
				GENERATE_INFOPLIST_FILE = YES;
				INFOPLIST_KEY_UIApplicationSceneManifest_Generation = YES;
				INFOPLIST_KEY_UIApplicationSupportsIndirectInputEvents = YES;
				INFOPLIST_KEY_UILaunchScreen_Generation = YES;
				INFOPLIST_KEY_UISupportedInterfaceOrientations_iPad = "UIInterfaceOrientationPortrait UIInterfaceOrientationPortraitUpsideDown UIInterfaceOrientationLandscapeLeft UIInterfaceOrientationLandscapeRight";
				INFOPLIST_KEY_UISupportedInterfaceOrientations_iPhone = "UIInterfaceOrientationPortrait UIInterfaceOrientationLandscapeLeft UIInterfaceOrientationLandscapeRight";
				LD_RUNPATH_SEARCH_PATHS = (
					"$(inherited)",
					"@executable_path/Frameworks",
				);
				MARKETING_VERSION = 1.0;
				PRODUCT_BUNDLE_IDENTIFIER = "br.ufpe.cin.academy.apfd.spelling-bubbles";
				PRODUCT_NAME = "$(TARGET_NAME)";
				SWIFT_EMIT_LOC_STRINGS = YES;
				SWIFT_VERSION = 5.0;
				TARGETED_DEVICE_FAMILY = "1,2";
			};
			name = Debug;
		};
		0D6670F828FF1FB600DA1814 /* Release */ = {
			isa = XCBuildConfiguration;
			buildSettings = {
				ASSETCATALOG_COMPILER_APPICON_NAME = AppIcon;
				ASSETCATALOG_COMPILER_GLOBAL_ACCENT_COLOR_NAME = AccentColor;
				CODE_SIGN_STYLE = Automatic;
				CURRENT_PROJECT_VERSION = 1;
				DEVELOPMENT_ASSET_PATHS = "\"spelling-bubbles/Preview Content\"";
				DEVELOPMENT_TEAM = 4UVYB4V5UN;
				ENABLE_PREVIEWS = YES;
				GENERATE_INFOPLIST_FILE = YES;
				INFOPLIST_KEY_UIApplicationSceneManifest_Generation = YES;
				INFOPLIST_KEY_UIApplicationSupportsIndirectInputEvents = YES;
				INFOPLIST_KEY_UILaunchScreen_Generation = YES;
				INFOPLIST_KEY_UISupportedInterfaceOrientations_iPad = "UIInterfaceOrientationPortrait UIInterfaceOrientationPortraitUpsideDown UIInterfaceOrientationLandscapeLeft UIInterfaceOrientationLandscapeRight";
				INFOPLIST_KEY_UISupportedInterfaceOrientations_iPhone = "UIInterfaceOrientationPortrait UIInterfaceOrientationLandscapeLeft UIInterfaceOrientationLandscapeRight";
				LD_RUNPATH_SEARCH_PATHS = (
					"$(inherited)",
					"@executable_path/Frameworks",
				);
				MARKETING_VERSION = 1.0;
				PRODUCT_BUNDLE_IDENTIFIER = "br.ufpe.cin.academy.apfd.spelling-bubbles";
				PRODUCT_NAME = "$(TARGET_NAME)";
				SWIFT_EMIT_LOC_STRINGS = YES;
				SWIFT_VERSION = 5.0;
				TARGETED_DEVICE_FAMILY = "1,2";
			};
			name = Release;
		};
/* End XCBuildConfiguration section */

/* Begin XCConfigurationList section */
		0D6670DE28FF1FB500DA1814 /* Build configuration list for PBXProject "spelling-bubbles" */ = {
			isa = XCConfigurationList;
			buildConfigurations = (
				0D6670F428FF1FB600DA1814 /* Debug */,
				0D6670F528FF1FB600DA1814 /* Release */,
			);
			defaultConfigurationIsVisible = 0;
			defaultConfigurationName = Release;
		};
		0D6670F628FF1FB600DA1814 /* Build configuration list for PBXNativeTarget "spelling-bubbles" */ = {
			isa = XCConfigurationList;
			buildConfigurations = (
				0D6670F728FF1FB600DA1814 /* Debug */,
				0D6670F828FF1FB600DA1814 /* Release */,
			);
			defaultConfigurationIsVisible = 0;
			defaultConfigurationName = Release;
		};
/* End XCConfigurationList section */

/* Begin XCVersionGroup section */
		0D6670F128FF1FB600DA1814 /* spelling_bubbles.xcdatamodeld */ = {
			isa = XCVersionGroup;
			children = (
				0D6670F228FF1FB600DA1814 /* spelling_bubbles.xcdatamodel */,
			);
			currentVersion = 0D6670F228FF1FB600DA1814 /* spelling_bubbles.xcdatamodel */;
			path = spelling_bubbles.xcdatamodeld;
			sourceTree = "<group>";
			versionGroupType = wrapper.xcdatamodel;
		};
/* End XCVersionGroup section */
	};
	rootObject = 0D6670DB28FF1FB500DA1814 /* Project object */;
}
